
Microsoft Visual Studio Solution File, Format Version 12.00
# Visual Studio Version 16
VisualStudioVersion = 16.0.31112.23
MinimumVisualStudioVersion = 10.0.40219.1
Project("{9A19103F-16F7-4668-BE54-9A1E7A4F7556}") = "TUICombatSimulation", "ConsoleApp2\TUICombatSimulation.csproj", "{778385F3-64F2-4809-88DA-E51EA0FA80D0}"
EndProject
Project("{2150E333-8FDC-42A3-9474-1A3956D46DE8}") = "Solution Items", "Solution Items", "{ED1202D5-36F5-4CD1-B6CC-27626C9F33EA}"
	ProjectSection(SolutionItems) = preProject
		PF info\monsters-pf2.json = PF info\monsters-pf2.json
	EndProjectSection
EndProject
Project("{9A19103F-16F7-4668-BE54-9A1E7A4F7556}") = "PF2Test", "PF2Test\PF2Test.csproj", "{140821B9-884D-4649-A2A5-4F6F15060985}"
EndProject
Project("{9A19103F-16F7-4668-BE54-9A1E7A4F7556}") = "WUICombatSimulation", "WinUICombatSimulation\WUICombatSimulation.csproj", "{D1D87FD2-E346-48D8-9A6F-4695BF0A5AD9}"
EndProject
Project("{9A19103F-16F7-4668-BE54-9A1E7A4F7556}") = "PF2", "PF2\PF2.csproj", "{72E63CB4-4B50-4050-A08F-6617F658E178}"
EndProject
Global
	GlobalSection(SolutionConfigurationPlatforms) = preSolution
		Debug|Any CPU = Debug|Any CPU
		Release|Any CPU = Release|Any CPU
	EndGlobalSection
	GlobalSection(ProjectConfigurationPlatforms) = postSolution
		{778385F3-64F2-4809-88DA-E51EA0FA80D0}.Debug|Any CPU.ActiveCfg = Debug|Any CPU
		{778385F3-64F2-4809-88DA-E51EA0FA80D0}.Debug|Any CPU.Build.0 = Debug|Any CPU
		{778385F3-64F2-4809-88DA-E51EA0FA80D0}.Release|Any CPU.ActiveCfg = Release|Any CPU
		{778385F3-64F2-4809-88DA-E51EA0FA80D0}.Release|Any CPU.Build.0 = Release|Any CPU
		{140821B9-884D-4649-A2A5-4F6F15060985}.Debug|Any CPU.ActiveCfg = Debug|Any CPU
		{140821B9-884D-4649-A2A5-4F6F15060985}.Debug|Any CPU.Build.0 = Debug|Any CPU
		{140821B9-884D-4649-A2A5-4F6F15060985}.Release|Any CPU.ActiveCfg = Release|Any CPU
		{140821B9-884D-4649-A2A5-4F6F15060985}.Release|Any CPU.Build.0 = Release|Any CPU
		{D1D87FD2-E346-48D8-9A6F-4695BF0A5AD9}.Debug|Any CPU.ActiveCfg = Debug|Any CPU
		{D1D87FD2-E346-48D8-9A6F-4695BF0A5AD9}.Debug|Any CPU.Build.0 = Debug|Any CPU
		{D1D87FD2-E346-48D8-9A6F-4695BF0A5AD9}.Release|Any CPU.ActiveCfg = Release|Any CPU
		{D1D87FD2-E346-48D8-9A6F-4695BF0A5AD9}.Release|Any CPU.Build.0 = Release|Any CPU
		{72E63CB4-4B50-4050-A08F-6617F658E178}.Debug|Any CPU.ActiveCfg = Debug|Any CPU
		{72E63CB4-4B50-4050-A08F-6617F658E178}.Debug|Any CPU.Build.0 = Debug|Any CPU
		{72E63CB4-4B50-4050-A08F-6617F658E178}.Release|Any CPU.ActiveCfg = Release|Any CPU
		{72E63CB4-4B50-4050-A08F-6617F658E178}.Release|Any CPU.Build.0 = Release|Any CPU
	EndGlobalSection
	GlobalSection(SolutionProperties) = preSolution
		HideSolutionNode = FALSE
	EndGlobalSection
	GlobalSection(ExtensibilityGlobals) = postSolution
		SolutionGuid = {44C33F7C-8167-4394-AE3C-5E6284B04A7F}
	EndGlobalSection
EndGlobal
